
Microsoft Visual Studio Solution File, Format Version 11.00
# Visual Studio 2010
Project("{FAE04EC0-301F-11D3-BF4B-00C04F79EFBC}") = "MyDelegate", "MyDelegate\MyDelegate.csproj", "{A5B34501-D647-4CBD-8391-FD173AF53023}"
EndProject
Project("{FAE04EC0-301F-11D3-BF4B-00C04F79EFBC}") = "ArrayDelegate", "ArrayDelegate\ArrayDelegate.csproj", "{B5921583-25BC-4BDC-9904-7A5BF1E87B80}"
EndProject
Project("{FAE04EC0-301F-11D3-BF4B-00C04F79EFBC}") = "FindImg", "FindImg\FindImg.csproj", "{DFD812CF-DE6D-47BF-AC32-1C22EC8802FD}"
EndProject
Global
	GlobalSection(SolutionConfigurationPlatforms) = preSolution
		Debug|x86 = Debug|x86
		Release|x86 = Release|x86
	EndGlobalSection
	GlobalSection(ProjectConfigurationPlatforms) = postSolution
		{A5B34501-D647-4CBD-8391-FD173AF53023}.Debug|x86.ActiveCfg = Debug|x86
		{A5B34501-D647-4CBD-8391-FD173AF53023}.Debug|x86.Build.0 = Debug|x86
		{A5B34501-D647-4CBD-8391-FD173AF53023}.Release|x86.ActiveCfg = Release|x86
		{A5B34501-D647-4CBD-8391-FD173AF53023}.Release|x86.Build.0 = Release|x86
		{B5921583-25BC-4BDC-9904-7A5BF1E87B80}.Debug|x86.ActiveCfg = Debug|x86
		{B5921583-25BC-4BDC-9904-7A5BF1E87B80}.Debug|x86.Build.0 = Debug|x86
		{B5921583-25BC-4BDC-9904-7A5BF1E87B80}.Release|x86.ActiveCfg = Release|x86
		{B5921583-25BC-4BDC-9904-7A5BF1E87B80}.Release|x86.Build.0 = Release|x86
		{DFD812CF-DE6D-47BF-AC32-1C22EC8802FD}.Debug|x86.ActiveCfg = Debug|x86
		{DFD812CF-DE6D-47BF-AC32-1C22EC8802FD}.Debug|x86.Build.0 = Debug|x86
		{DFD812CF-DE6D-47BF-AC32-1C22EC8802FD}.Release|x86.ActiveCfg = Release|x86
		{DFD812CF-DE6D-47BF-AC32-1C22EC8802FD}.Release|x86.Build.0 = Release|x86
	EndGlobalSection
	GlobalSection(SolutionProperties) = preSolution
		HideSolutionNode = FALSE
	EndGlobalSection
EndGlobal
